
Microsoft Visual Studio Solution File, Format Version 12.00
# Visual Studio Version 16
VisualStudioVersion = 16.0.31129.286
MinimumVisualStudioVersion = 10.0.40219.1
Project("{9A19103F-16F7-4668-BE54-9A1E7A4F7556}") = "DotNetCoreSqlDb", "DotNetCoreSqlDb.csproj", "{1E562A9B-A8DB-48B1-9B54-B6B6A9D2C2D8}"
EndProject
Global
	GlobalSection(SolutionConfigurationPlatforms) = preSolution
		Debug|Any CPU = Debug|Any CPU
		Release|Any CPU = Release|Any CPU
	EndGlobalSection
	GlobalSection(ProjectConfigurationPlatforms) = postSolution
		{1E562A9B-A8DB-48B1-9B54-B6B6A9D2C2D8}.Debug|Any CPU.ActiveCfg = Debug|Any CPU
		{1E562A9B-A8DB-48B1-9B54-B6B6A9D2C2D8}.Debug|Any CPU.Build.0 = Debug|Any CPU
		{1E562A9B-A8DB-48B1-9B54-B6B6A9D2C2D8}.Release|Any CPU.ActiveCfg = Release|Any CPU
		{1E562A9B-A8DB-48B1-9B54-B6B6A9D2C2D8}.Release|Any CPU.Build.0 = Release|Any CPU
	EndGlobalSection
	GlobalSection(SolutionProperties) = preSolution
		HideSolutionNode = FALSE
	EndGlobalSection
	GlobalSection(ExtensibilityGlobals) = postSolution
		SolutionGuid = {633CA586-B93A-4A4C-80E9-F782BCB1A712}
	EndGlobalSection
EndGlobal
